
Microsoft Visual Studio Solution File, Format Version 12.00
# Visual Studio Version 16
VisualStudioVersion = 16.0.29728.190
MinimumVisualStudioVersion = 10.0.40219.1
Project("{9A19103F-16F7-4668-BE54-9A1E7A4F7556}") = "V", "V\V.csproj", "{B47F8E51-2459-4D6E-8D10-8B0FD0C4D646}"
EndProject
Project("{9A19103F-16F7-4668-BE54-9A1E7A4F7556}") = "MonogameFacade.Core", "MonogameFacade.Core\MonogameFacade.Core.csproj", "{AC94F57A-4A3E-4BC0-BE55-0D06A744687B}"
EndProject
Project("{9A19103F-16F7-4668-BE54-9A1E7A4F7556}") = "MonogameFacade.Desktop", "MonogameFacade.Desktop\MonogameFacade.Desktop.csproj", "{612FBC72-C9E4-4C7F-B2B5-63ED4E0111FB}"
EndProject
Project("{9A19103F-16F7-4668-BE54-9A1E7A4F7556}") = "MonogameFacade.Android", "MonogameFacade.Android\MonogameFacade.Android.csproj", "{0121D682-772A-459F-89FE-287A24D9F832}"
EndProject
Project("{9A19103F-16F7-4668-BE54-9A1E7A4F7556}") = "V.Desktop", "V.Desktop\V.Desktop.csproj", "{5A8ACC39-4A18-40AC-B1ED-8628778DA50A}"
EndProject
Project("{FAE04EC0-301F-11D3-BF4B-00C04F79EFBC}") = "V.Android", "V.Android\V.Android.csproj", "{1D810808-0FDC-4D11-B034-6585CECE623A}"
EndProject
Project("{9A19103F-16F7-4668-BE54-9A1E7A4F7556}") = "MonogameFacade.Core.Test", "MonogameFacade.Core.Test\MonogameFacade.Core.Test.csproj", "{8D6DE189-E7E8-443F-B371-D4E01DEC7868}"
EndProject
Project("{2150E333-8FDC-42A3-9474-1A3956D46DE8}") = "MonoGameFacade", "MonoGameFacade", "{506A12AE-1957-4A39-A69F-B27E05E721E9}"
EndProject
Project("{9A19103F-16F7-4668-BE54-9A1E7A4F7556}") = "Skeletor", "Skeletor\Skeletor.csproj", "{6F85523B-A083-4EE8-B4AB-C6C7199E66FF}"
EndProject
Project("{2150E333-8FDC-42A3-9474-1A3956D46DE8}") = "AnimationTool", "AnimationTool", "{CCA920FF-3E5E-44FF-858A-93F488151717}"
EndProject
Project("{FAE04EC0-301F-11D3-BF4B-00C04F79EFBC}") = "Skeletor.Test", "Skeletor.Test\Skeletor.Test.csproj", "{155AAB8A-EB2F-4E10-B4E8-ED0F89F88BAE}"
EndProject
Global
	GlobalSection(SolutionConfigurationPlatforms) = preSolution
		Debug|Any CPU = Debug|Any CPU
		Release|Any CPU = Release|Any CPU
	EndGlobalSection
	GlobalSection(ProjectConfigurationPlatforms) = postSolution
		{B47F8E51-2459-4D6E-8D10-8B0FD0C4D646}.Debug|Any CPU.ActiveCfg = Debug|Any CPU
		{B47F8E51-2459-4D6E-8D10-8B0FD0C4D646}.Debug|Any CPU.Build.0 = Debug|Any CPU
		{B47F8E51-2459-4D6E-8D10-8B0FD0C4D646}.Release|Any CPU.ActiveCfg = Release|Any CPU
		{B47F8E51-2459-4D6E-8D10-8B0FD0C4D646}.Release|Any CPU.Build.0 = Release|Any CPU
		{AC94F57A-4A3E-4BC0-BE55-0D06A744687B}.Debug|Any CPU.ActiveCfg = Debug|Any CPU
		{AC94F57A-4A3E-4BC0-BE55-0D06A744687B}.Debug|Any CPU.Build.0 = Debug|Any CPU
		{AC94F57A-4A3E-4BC0-BE55-0D06A744687B}.Release|Any CPU.ActiveCfg = Release|Any CPU
		{AC94F57A-4A3E-4BC0-BE55-0D06A744687B}.Release|Any CPU.Build.0 = Release|Any CPU
		{612FBC72-C9E4-4C7F-B2B5-63ED4E0111FB}.Debug|Any CPU.ActiveCfg = Debug|Any CPU
		{612FBC72-C9E4-4C7F-B2B5-63ED4E0111FB}.Debug|Any CPU.Build.0 = Debug|Any CPU
		{612FBC72-C9E4-4C7F-B2B5-63ED4E0111FB}.Release|Any CPU.ActiveCfg = Release|Any CPU
		{612FBC72-C9E4-4C7F-B2B5-63ED4E0111FB}.Release|Any CPU.Build.0 = Release|Any CPU
		{0121D682-772A-459F-89FE-287A24D9F832}.Debug|Any CPU.ActiveCfg = Debug|Any CPU
		{0121D682-772A-459F-89FE-287A24D9F832}.Debug|Any CPU.Build.0 = Debug|Any CPU
		{0121D682-772A-459F-89FE-287A24D9F832}.Release|Any CPU.ActiveCfg = Release|Any CPU
		{0121D682-772A-459F-89FE-287A24D9F832}.Release|Any CPU.Build.0 = Release|Any CPU
		{5A8ACC39-4A18-40AC-B1ED-8628778DA50A}.Debug|Any CPU.ActiveCfg = Debug|Any CPU
		{5A8ACC39-4A18-40AC-B1ED-8628778DA50A}.Debug|Any CPU.Build.0 = Debug|Any CPU
		{5A8ACC39-4A18-40AC-B1ED-8628778DA50A}.Release|Any CPU.ActiveCfg = Release|Any CPU
		{5A8ACC39-4A18-40AC-B1ED-8628778DA50A}.Release|Any CPU.Build.0 = Release|Any CPU
		{1D810808-0FDC-4D11-B034-6585CECE623A}.Debug|Any CPU.ActiveCfg = Debug|Any CPU
		{1D810808-0FDC-4D11-B034-6585CECE623A}.Debug|Any CPU.Build.0 = Debug|Any CPU
		{1D810808-0FDC-4D11-B034-6585CECE623A}.Debug|Any CPU.Deploy.0 = Debug|Any CPU
		{1D810808-0FDC-4D11-B034-6585CECE623A}.Release|Any CPU.ActiveCfg = Release|Any CPU
		{1D810808-0FDC-4D11-B034-6585CECE623A}.Release|Any CPU.Build.0 = Release|Any CPU
		{1D810808-0FDC-4D11-B034-6585CECE623A}.Release|Any CPU.Deploy.0 = Release|Any CPU
		{8D6DE189-E7E8-443F-B371-D4E01DEC7868}.Debug|Any CPU.ActiveCfg = Debug|Any CPU
		{8D6DE189-E7E8-443F-B371-D4E01DEC7868}.Debug|Any CPU.Build.0 = Debug|Any CPU
		{8D6DE189-E7E8-443F-B371-D4E01DEC7868}.Release|Any CPU.ActiveCfg = Release|Any CPU
		{8D6DE189-E7E8-443F-B371-D4E01DEC7868}.Release|Any CPU.Build.0 = Release|Any CPU
		{6F85523B-A083-4EE8-B4AB-C6C7199E66FF}.Debug|Any CPU.ActiveCfg = Debug|Any CPU
		{6F85523B-A083-4EE8-B4AB-C6C7199E66FF}.Debug|Any CPU.Build.0 = Debug|Any CPU
		{6F85523B-A083-4EE8-B4AB-C6C7199E66FF}.Release|Any CPU.ActiveCfg = Release|Any CPU
		{6F85523B-A083-4EE8-B4AB-C6C7199E66FF}.Release|Any CPU.Build.0 = Release|Any CPU
		{155AAB8A-EB2F-4E10-B4E8-ED0F89F88BAE}.Debug|Any CPU.ActiveCfg = Debug|Any CPU
		{155AAB8A-EB2F-4E10-B4E8-ED0F89F88BAE}.Debug|Any CPU.Build.0 = Debug|Any CPU
		{155AAB8A-EB2F-4E10-B4E8-ED0F89F88BAE}.Release|Any CPU.ActiveCfg = Release|Any CPU
		{155AAB8A-EB2F-4E10-B4E8-ED0F89F88BAE}.Release|Any CPU.Build.0 = Release|Any CPU
	EndGlobalSection
	GlobalSection(SolutionProperties) = preSolution
		HideSolutionNode = FALSE
	EndGlobalSection
	GlobalSection(NestedProjects) = preSolution
		{AC94F57A-4A3E-4BC0-BE55-0D06A744687B} = {506A12AE-1957-4A39-A69F-B27E05E721E9}
		{612FBC72-C9E4-4C7F-B2B5-63ED4E0111FB} = {506A12AE-1957-4A39-A69F-B27E05E721E9}
		{0121D682-772A-459F-89FE-287A24D9F832} = {506A12AE-1957-4A39-A69F-B27E05E721E9}
		{8D6DE189-E7E8-443F-B371-D4E01DEC7868} = {506A12AE-1957-4A39-A69F-B27E05E721E9}
		{6F85523B-A083-4EE8-B4AB-C6C7199E66FF} = {CCA920FF-3E5E-44FF-858A-93F488151717}
		{155AAB8A-EB2F-4E10-B4E8-ED0F89F88BAE} = {CCA920FF-3E5E-44FF-858A-93F488151717}
	EndGlobalSection
	GlobalSection(ExtensibilityGlobals) = postSolution
		SolutionGuid = {5542335A-D57A-470D-AA36-BC91890D4C61}
	EndGlobalSection
EndGlobal
